{
    "name": "pulumime",
    "version": "1.0.0",
    "lockfileVersion": 3,
    "requires": true,
    "packages": {
        "": {
            "name": "pulumime",
            "version": "1.0.0",
            "hasInstallScript": true,
            "bin": {
                "pulumime": "bin/pulumi-bootstrap"
            }
        }
    }
}
